{
    "_meta": {
        "hash": {
            "sha256": "da688c75054c996ddfea59f44676b8b1ba0a3170aaa00c982e7d7a5ac885562c"
        },
        "pipfile-spec": 6,
        "requires": {
            "python_version": "3.6"
        },
        "sources": [
            {
                "name": "pypi",
                "url": "https://pypi.org/simple",
                "verify_ssl": true
            }
        ]
    },
    "default": {
        "alembic": {
            "hashes": [
                "sha256:0932bed55a4546b8aa6f59b8ad8b92b0161e7bd46adc538d50afb1c96b3571c1"
            ],
            "index": "pypi",
            "version": "==0.8.9"
        },
        "aniso8601": {
            "hashes": [
                "sha256:b8a6a9b24611fc50cf2d9b45d371bfdc4fd0581d1cc52254f5502130a776d4af",
                "sha256:bb167645c79f7a438f9dfab6161af9bed75508c645b1f07d1158240841d22673"
            ],
            "index": "pypi",
            "version": "==6.0.0"
        },
        "bcrypt": {
            "hashes": [
                "sha256:027ed4963f944dfdfc851336aa967e7e9a01175503307c6667b763579704396d",
                "sha256:0edba25d183b971e86f1ee686519eecc5d161dc9c0feb095c2f36f49722d867e",
                "sha256:134ab92aef2444e2509e1ec87228eef9018947d4debd3578b2ccde7bd168cfbf",
                "sha256:14c2638bc580a8269bbbc6aff0281275b2877a5a1fe6ac4ea322e90a13f912b0",
                "sha256:1579fa6cca26527556211c41a30a4f231fa39b154aa4508233435cffb26853a2",
                "sha256:1a99bd662464bcd67ffa4f941e80013729d56fbb36c775fae02f53cbb96bd77f",
                "sha256:1ac84b0a25f136b28ef3a2b0c6554702fc3520a42892dea9baaa8ed4a6c3847f",
                "sha256:28f057cd77a18bc651eeb34c1767d08fe7f31ab0f37e78b8afbc2916e7ac575f",
                "sha256:2ade0a871da484f3f579ebcbca3ed6f3ff23f584131bec0380d077990cdddb62",
                "sha256:2f2646f3e92d7060a5514e517940d0fc4bcc09e91743ff4be34e11e4d9bbb783",
                "sha256:346e175c820a111c17d4c2def181a96e1826652edb0bb16e565085ed542785aa",
                "sha256:3a5a668695f7a469631af802dcd3925ce42de71585277ff3f278e23b6da0dd80",
                "sha256:3e573e873c9685e4c71e89a9b81fb6a6f68d8e31835d21724cdcb5229e62f3da",
                "sha256:40ab1589dfb6ddd08caae02be722e4770ae1349167880486fb43e5c6c2a30748",
                "sha256:4fc1d8d32c36b019f827e9df9f7855b1eb6787dbfb88de8e27b8ed23bda29179",
                "sha256:553840d0bd605bebacad721fb30c0df75d8c7defaa8612ed8770c79ce103bc54",
                "sha256:5601280c6f6e5846555ce2e88d72c69a5225d60297b4bf0c9f2ef1ed05d2f814",
                "sha256:58f03b76e1d33b0c4b613fea535cf5754837a71972557870a5a38278708a5d7d",
                "sha256:5c802329be3d5a316af90cae5ea74b30372b73ba70acf3e874adc0f6b657e5d1",
                "sha256:6cc65b2b30a6a5e281054e6ad7a724eeb6c358a09abfcf1731aeb5a61be1a728",
                "sha256:74fd31c54ba5fea2a9189b7e0d4a7f0bfcd36e5b16c7cd6b7dae34efeecc2c11",
                "sha256:756f835842baaa5b8aa79aee2f6091b3403da0fde309b39c05c62fa4fe89fcb6",
                "sha256:76c247e3536fdeff812d7f7f93e3e8335c447f99df72375c3e03568f4bd632d8",
                "sha256:7a0f72d664d9862f7c7d05e0f53a66ea1ce487449a0ac100d698f1d135279b35",
                "sha256:7c4c178fdf441c0109564fa11a1d75e1342772ccdf1eb75f635dcbbd6ec66a35",
                "sha256:7fdbd5eb98f580375e674eb961a4b6b2d0feb829c48ae11db363e740cf5434ef",
                "sha256:8f87bed8ad0fa837158167e950cc69c13f47b5ca4f04a34a79cbe443aa678558",
                "sha256:ad5980c3516bded32b36f418884edbe36c9470fc46af4aec9eaf43d61a6347e8",
                "sha256:b823ebcd73dc4b5fa9773885d9adf36f6565f4c98a6f80d4e352d3aede2c61c1",
                "sha256:b844350ed7caefec00cf7705f6bf396e4c5d3e5fba5316808434628551fd2fe4",
                "sha256:ba4a251311065b9410d01241c53df617bdc46c46dfbbcb44ac0675155dc21279",
                "sha256:d206c130ba0e97ed4d363b1d482504624f0560d0bf7793c48e9d2429469fbbd5",
                "sha256:ddaf671a9a8e88b65852d6affb22c68f22aee828529a3b14d732689a7f459323",
                "sha256:ecb7d49c124501074f2d0574b015ee0597f0b60dc0ecb9c930490d0011871b07",
                "sha256:ed377da0af35c4366d5470995c60dae025918f31be15cd45eb206e099eb7229e",
                "sha256:fd7f503b28a643b7658fd8862a1eee97a8415fccee44eca778e7c284de3812d2"
            ],
            "index": "pypi",
            "version": "==3.1.2"
        },
        "cffi": {
            "hashes": [
                "sha256:04b133ef629ae2bc05f83d0b079a964494a9cd17914943e690c57209b44aae20",
                "sha256:0f1b3193c17b93c75e73eeac92f22eec4c98a021d9969b1c347d1944fae0d26b",
                "sha256:1fb1cf40c315656f98f4d3acfb1bd031a14a9a69d155e9a180d5f9b52eaf745a",
                "sha256:20af85d8e154b50f540bc8d517a0dbf6b1c20b5d06e572afda919d5dafd1d06b",
                "sha256:2570f93b42c61013ab4b26e23aa25b640faf5b093ad7dd3504c3a8eadd69bc24",
                "sha256:2f4e2872833ee3764dfc168dea566b7dd83b01ac61b377490beba53b5ece57f7",
                "sha256:31776a37a67424e7821324b9e03a05aa6378bbc2bccc58fa56402547f82803c6",
                "sha256:353421c76545f1d440cacc137abc865f07eab9df0dd3510c0851a2ca04199e90",
                "sha256:36d06de7b09b1eba54b1f5f76e2221afef7489cc61294508c5a7308a925a50c6",
                "sha256:3f1908d0bcd654f8b7b73204f24336af9f020b707fb8af937e3e2279817cbcd6",
                "sha256:5268de3a18f031e9787c919c1b9137ff681ea696e76740b1c6c336a26baaa58a",
                "sha256:563e0bd53fda03c151573217b3a49b3abad8813de9dd0632e10090f6190fdaf8",
                "sha256:5e1368d13f1774852f9e435260be19ad726bbfb501b80472f61c2dc768a0692a",
                "sha256:60881c79eb72cb75bd0a4be5e31c9e431739146c4184a2618cabea3938418984",
                "sha256:6120b62a642a40e47eb6c9ff00c02be69158fc7f7c5ff78e42a2c739d1c57cd6",
                "sha256:65c223e77f87cb463191ace3398e0a6d84ce4ac575d42eb412a220b099f593d6",
                "sha256:6fbf8db55710959344502b58ab937424173ad8b5eb514610bcf56b119caa350a",
                "sha256:74aadea668c94eef4ceb09be3d0eae6619e28b4f1ced4e29cd43a05bb2cfd7a4",
                "sha256:7be1efa623e1ed91b15b1e62e04c536def1d75785eb930a0b8179ca6b65ed16d",
                "sha256:83266cdede210393889471b0c2631e78da9d4692fcca875af7e958ad39b897ee",
                "sha256:86c68a3f8246495962446c6f96f6a27f182b91208187b68f1e87ec3dfd29fa32",
                "sha256:9163f7743cf9991edaddf9cf886708e288fab38e1b9fec9c41c15c85c8f7f147",
                "sha256:97d9f338f91b7927893ea6500b953e4b4b7e47c6272222992bb76221e17056ff",
                "sha256:a7930e73a4359b52323d09de6d6860840314aa09346cbcf4def8875e1b07ebc7",
                "sha256:ada8a42c493e4934a1a8875c2bc9efcb1b88c09883f70375bfa053ab32d6a118",
                "sha256:b0bc2d83cc0ba0e8f0d9eca2ffe07f72f33bec7d84547071e7e875d4cca8272d",
                "sha256:b5412a65605c642adf3e1544b59b8537daf5696dedadd2b3cbebc42e24da45ed",
                "sha256:ba6b5205fced1625b6d9d55f9ef422f9667c5d95f18f07c0611eb964a3355331",
                "sha256:bcaf3d86385daaab0ae51c9c53ebe70a6c1c5dfcb9e311b13517e04773ddf6b6",
                "sha256:cfa15570ecec1ea6bee089e86fd4deae6208c96a811344ce246de5e5c9ac824a",
                "sha256:d3e3063af1fa6b59e255da9a812891cdaf24b90fbaf653c02797871069b7c4c9",
                "sha256:d9cfe26ecea2fec320cd0cac400c9c2435328994d23596ee6df63945fe7292b0",
                "sha256:e5ef800ef8ef9ee05ae9a5b7d7d9cf7d6c936b32e312e54823faca3034ee16ab",
                "sha256:f1366150acf611d09d37ffefb3559ed3ffeb1713643d3cd10716d6c5da3f83fb",
                "sha256:f4eb9747a37120b35f59c8e96265e87b0c432ff010d32fc0772992aa14659502",
                "sha256:f8264463cc08cd696ad17e4bf3c80f3344628c04c11ffdc545ddf0798bc17316",
                "sha256:f8ba54848dfe280b1be0d6e699544cee4ba10d566f92464538063d9e645aed3e",
                "sha256:f93d1edcaea7b6a7a8fbf936f4492a9a0ee0b4cb281efebd5e1dd73e5e432c71",
                "sha256:fc8865c7e0ac25ddd71036c2b9a799418b32d9acb40400d345b8791b6e1058cb",
                "sha256:fce6b0cb9ade1546178c031393633b09c4793834176496c99a94de0bfa471b27",
                "sha256:fde17c52d7ce7d55a9fb263b57ccb5da6439915b5c7105617eb21f636bb1bd9c"
            ],
            "index": "pypi",
            "version": "==1.9.1"
        },
        "click": {
            "hashes": [
                "sha256:cc6a19da8ebff6e7074f731447ef7e112bd23adf3de5c597cf9989f2fd8defe9",
                "sha256:fcf697e1fd4b567d817c69dab10a4035937fe6af175c05fd6806b69f74cbc6c4"
            ],
            "index": "pypi",
            "version": "==6.6"
        },
        "coverage": {
            "hashes": [
                "sha256:28a61877d72937d1cc367f09859ddacad99ea26f6fc468c34937e1004db54798",
                "sha256:31c1ef428482d22e84e37e79908b4e35014bc1c247bd3819b31e1246466743fb",
                "sha256:38e87c46d364b8b3ac4d161586707345b7bc7b16855be1751345fc91be702ff7",
                "sha256:40092d2d24c8ecf3d3ffc84521f88a0fe140fa333a95422f194bd48b9de049f7",
                "sha256:4138fc4741a54aaf6dd6d91cebe075a899b7f4a841680638704e4eec803c8268",
                "sha256:42450b715dedb7a9e721ed016f5044fdc2a05b1c5098bb397d169e9846d7b031",
                "sha256:5e3066a2bce9320044997a809968ae798429548caf2e2a520bc5f2bb853f6cc0",
                "sha256:61224ed8243bda02dbd3aa3fff760eaa8fd30774c79b9e1ca8aa1c12294596fe",
                "sha256:6a797de7c1855e88a6bb2cade546f894f89c6342bbeae78f474f269460dd8f4f",
                "sha256:6d6ca7c7406edc03f50f751a583d0e0c1d64b2c01da8e1b9b40d5961a23c126d",
                "sha256:735cdc43a39407bf87b61e91f621d52e5acc5f4f52999d0f7ff4594a147ef669",
                "sha256:81069320e72dfb28bbc07e79ae94aa79d6fe7660eb9aae809d363b7f889020de",
                "sha256:9d1c398f14290bc4ae4bc5ce01c283cabe734a068ba39e6a20b3eb4d3a412b52",
                "sha256:a5dda361f947dd67891f73a373ef63059cf3e551ac248dd3e91f76ea1b39cdda",
                "sha256:b8faa97f0d3708c9ec487367fbcee630117d8ce161fe6b185b2e72e48be2275b",
                "sha256:bd4eba631f07cae8cdb9c55c144f165649e6701b962f9d604b4e00cf8802406c",
                "sha256:d12b46247e74c1881768feb3ae48fbbb95e5c883b0c3517acdf86f435560fc61",
                "sha256:e312776d3ef04632ec742ce2d2b7048b635073e0245e4f44dfe8b08cc50ac656"
            ],
            "index": "pypi",
            "version": "==4.2"
        },
        "dnspython": {
            "hashes": [
                "sha256:36c5e8e38d4369a08b6780b7f27d790a292b2b08eea01607865bf0936c558e01",
                "sha256:f69c21288a962f4da86e56c4905b49d11aba7938d3d740e80d9e366ee4f1632d"
            ],
            "index": "pypi",
            "version": "==1.16.0"
        },
        "flask": {
            "hashes": [
                "sha256:7f03bb2c255452444f7265eddb51601806e5447b6f8a2d50bbc77a654a14c118",
                "sha256:93e803cdbe326a61ebd5c5d353959397c85f829bec610d59cb635c9f97d7ca8b"
            ],
            "index": "pypi",
            "version": "==0.12"
        },
        "flask-bcrypt": {
            "hashes": [
                "sha256:d71c8585b2ee1c62024392ebdbc447438564e2c8c02b4e57b56a4cafd8d13c5f"
            ],
            "index": "pypi",
            "version": "==0.7.1"
        },
        "flask-cors": {
            "hashes": [
                "sha256:62ebc5ad80dc21ca0ea9f57466c2c74e24a62274af890b391790c260eb7b754b",
                "sha256:ac4b81b3d90f5f18714c995c807f94501df8c9bbc22ef4261c1cd850748c3850"
            ],
            "index": "pypi",
            "version": "==3.0.3"
        },
        "flask-migrate": {
            "hashes": [
                "sha256:c77272b936ec94209d5c709f9ec43947f4a25513c1b12cc25241586abdfa84b1"
            ],
            "index": "pypi",
            "version": "==2.0.2"
        },
        "flask-restful": {
            "hashes": [
                "sha256:ecd620c5cc29f663627f99e04f17d1f16d095c83dc1d618426e2ad68b03092f8",
                "sha256:f8240ec12349afe8df1db168ea7c336c4e5b0271a36982bff7394f93275f2ca9"
            ],
            "index": "pypi",
            "version": "==0.3.7"
        },
        "flask-script": {
            "hashes": [
                "sha256:cef76eac751396355429a14c38967bb14d4973c53e07dec94af5cc8fb017107f"
            ],
            "index": "pypi",
            "version": "==2.0.5"
        },
        "flask-sqlalchemy": {
            "hashes": [
                "sha256:c5244de44cc85d2267115624d83faef3f9e8f088756788694f305a5d5ad137c5"
            ],
            "index": "pypi",
            "version": "==2.1"
        },
        "flask-testing": {
            "hashes": [
                "sha256:abf539332c013aee5301cbb720d2c6a78bb69fe9bcf854697b6f62f1e7f175b2"
            ],
            "index": "pypi",
            "version": "==0.6.1"
        },
        "gunicorn": {
            "hashes": [
                "sha256:aa8e0b40b4157b36a5df5e599f45c9c76d6af43845ba3b3b0efe2c70473c2471",
                "sha256:fa2662097c66f920f53f70621c6c58ca4a3c4d3434205e608e121b5b3b71f4f3"
            ],
            "index": "pypi",
            "version": "==19.9.0"
        },
        "itsdangerous": {
            "hashes": [
                "sha256:cbb3fcf8d3e33df861709ecaf89d9e6629cff0a217bc2848f1b41cd30d360519"
            ],
            "index": "pypi",
            "version": "==0.24"
        },
        "jinja2": {
            "hashes": [
                "sha256:03e47ad063331dd6a3f04a43eddca8a966a26ba0c5b7207a9a9e4e08f1b29419",
                "sha256:a6d58433de0ae800347cab1fa3043cebbabe8baa9d29e668f1c768cb87a333c6"
            ],
            "index": "pypi",
            "version": "==2.11.3"
        },
        "mako": {
            "hashes": [
                "sha256:48559ebd872a8e77f92005884b3d88ffae552812cdf17db6768e5c3be5ebbe0d"
            ],
            "index": "pypi",
            "version": "==1.0.6"
        },
        "markupsafe": {
            "hashes": [
                "sha256:a4ec1aff59b95a14b45eb2e23761a0179e98319da5a7eb76b56ea8cdc7b871c3"
            ],
            "index": "pypi",
            "version": "==0.23"
        },
        "mysqlclient": {
            "hashes": [
                "sha256:425e733b05e359a714d6007c0fc44582be66b63e5a3df0a50949274ae16f4bc6",
                "sha256:62e4770b6a797b9416bcf70488365b7d6b9c9066878108499c559293bb464380",
                "sha256:f257d250f2675d0ef99bd318906f3cfc05cef4a2f385ea695ff32a3f04b9f9a7"
            ],
            "index": "pypi",
            "version": "==1.4.2.post1"
        },
        "pycparser": {
            "hashes": [
                "sha256:0aac31e917c24cb3357f5a4d5566f2cc91a19ca41862f6c3c22dc60a629673b6"
            ],
            "index": "pypi",
            "version": "==2.17"
        },
        "pyjwt": {
            "hashes": [
                "sha256:87a831b7a3bfa8351511961469ed0462a769724d4da48a501cb8c96d1e17f570",
                "sha256:99fe612dbe5f41e07124d9002c118c14f3ee703574ffa9779fee78135b8b94b6"
            ],
            "index": "pypi",
            "version": "==1.4.2"
        },
        "pymongo": {
            "hashes": [
                "sha256:09f8196e1cb081713aa3face08d1806dc0a5dd64cb9f67fefc568519253a7ff2",
                "sha256:1be549c0ce2ba8242c149156ae2064b12a5d4704448d49f630b4910606efd474",
                "sha256:1f9fe869e289210250cba4ea20fbd169905b1793e1cd2737f423e107061afa98",
                "sha256:3653cea82d1e35edd0a2355150daf8a27ebf12cf55182d5ad1046bfa288f5140",
                "sha256:4249c6ba45587b959292a727532826c5032d59171f923f7f823788f413c2a5a3",
                "sha256:4ff8f5e7c0a78983c1ee07894fff1b21c0e0ad3a122d9786cc3745fd60e4a2ce",
                "sha256:56b29c638ab924716b48a3e94e3d7ac00b04acec1daa8190c36d61fc714c3629",
                "sha256:56ec9358bbfe5ae3b25e785f8a14619d6799c855a44734c9098bb457174019bf",
                "sha256:5dca250cbf1183c3e7b7b18c882c2b2199bfb20c74c4c68dbf11596808a296da",
                "sha256:61101d1cc92881fac1f9ac7e99b033062f4c210178dc33193c8f5567feecb069",
                "sha256:86624c0205a403fb4fbfedef79c5b4ab27e21fd018fdb6a27cf03b3c32a9e2b9",
                "sha256:88ac09e1b197c3b4531e43054d49c022a3ea1281431b2f4980abafa35d2a5ce2",
                "sha256:8b0339809b12ea292d468524dd1777f1a9637d9bdc0353a9261b88f82537d606",
                "sha256:93dbf7388f6bf9af48dbb32f265b75b3dbc743a7a2ce98e44c88c049c58d85d3",
                "sha256:9b705daec636c560dd2d63935f428a6b3cddfe903fffc0f349e0e91007c893d6",
                "sha256:a090a819fe6fefadc2901d3911c07c76c0935ec5c790a50e9f3c3c47bacd5978",
                "sha256:a102b346f1921237eaa9a31ee89eda57ad3c3973d79be3a456d92524e7df8fec",
                "sha256:a13363869f2f36291d6367069c65d51d7b8d1b2fb410266b0b6b1f3c90d6deb0",
                "sha256:a409a43c76da50881b70cc9ee70a1744f882848e8e93a68fb434254379777fa3",
                "sha256:a76475834a978058425b0163f1bad35a5f70e45929a543075633c3fc1df564c5",
                "sha256:ad474e93525baa6c58d75d63a73143af24c9f93c8e26e8d382f32c4da637901a",
                "sha256:b268c7fa03ac77a8662fab3b2ab0be4beecb82f60f4c24b584e69565691a107f",
                "sha256:cca4e1ab5ba0cd7877d3938167ee8ae9c2986cc0e10d3dcc3243d664d3a83fec",
                "sha256:cef61de3f0f4441ec40266ff2ab42e5c16eaba1dc1fc6e1036f274621c52adc1",
                "sha256:e28153b5d5ca33d4ba0c3bbc0e1ff161b9016e5e5f3f8ca10d6fa49106eb9e04",
                "sha256:f30d7b37804daf0bab1143abc71666c630d7e270f5c14c5a7c300a6699c21108",
                "sha256:f70f0133301cccf9bfd68fd20f67184ef991be578b646e78441106f9e27cc44d",
                "sha256:fa75c21c1d82f20cce62f6fc4a68c2b0f33572ab406df1b17cd77a947d0b2993"
            ],
            "index": "pypi",
            "version": "==3.9.0"
        },
        "python-dotenv": {
            "hashes": [
                "sha256:a84569d0e00d178bc5b957f7ff208bf49287cbf61857c31c258c4a91f571527b",
                "sha256:c9b1ddd3cdbe75c7d462cb84674d87130f4b948f090f02c7d7144779afb99ae0"
            ],
            "index": "pypi",
            "version": "==0.10.1"
        },
        "python-editor": {
            "hashes": [
                "sha256:a3c066acee22a1c94f63938341d4fb374e3fdd69366ed6603d7b24bed1efc565"
            ],
            "index": "pypi",
            "version": "==1.0.3"
        },
        "pytz": {
            "hashes": [
                "sha256:32b0891edff07e28efe91284ed9c31e123d84bea3fd98e1f72be2508f43ef8d9",
                "sha256:d5f05e487007e29e03409f9398d074e158d920d36eb82eaf66fb1136b0c5374c"
            ],
            "index": "pypi",
            "version": "==2018.9"
        },
        "six": {
            "hashes": [
                "sha256:0ff78c403d9bccf5a425a6d31a12aa6b47f1c21ca4dc2573a7e2f32a97335eb1",
                "sha256:105f8d68616f8248e24bf0e9372ef04d3cc10104f1980f54d57b2ce73a5ad56a"
            ],
            "index": "pypi",
            "version": "==1.10.0"
        },
        "sqlalchemy": {
            "hashes": [
                "sha256:701b57d628b9fa1cfb82f10665e7214d5d2db23251ca6f23b91c5f56fcdbdeb5"
            ],
            "index": "pypi",
            "version": "==1.1.4"
        },
        "werkzeug": {
            "hashes": [
                "sha256:475bdde8e782f6f426b76d3d04ba8f1a2d3e346522d65249e1da391a93b062db",
                "sha256:ebf720bc2f0ac7739ee2d6de63da8a323d73d91fddc16f5fadae915ae9e1e690"
            ],
            "index": "pypi",
            "version": "==0.11.13"
        }
    },
    "develop": {
        "astroid": {
            "hashes": [
                "sha256:21d735aab248253531bb0f1e1e6d068f0ee23533e18ae8a6171ff892b98297cf",
                "sha256:cfc35498ee64017be059ceffab0a25bedf7548ab76f2bea691c5565896e7128d"
            ],
            "version": "==2.5.1"
        },
        "isort": {
            "hashes": [
                "sha256:54da7e92468955c4fceacd0c86bd0ec997b0e1ee80d97f67c35a78b719dccab1",
                "sha256:6e811fcb295968434526407adb8796944f1988c5b65e8139058f2014cbe100fd"
            ],
            "version": "==4.3.21"
        },
        "lazy-object-proxy": {
            "hashes": [
                "sha256:1d33d6f789697f401b75ce08e73b1de567b947740f768376631079290118ad39",
                "sha256:2f2de8f8ac0be3e40d17730e0600619d35c78c13a099ea91ef7fb4ad944ce694",
                "sha256:3782931963dc89e0e9a0ae4348b44762e868ea280e4f8c233b537852a8996ab9",
                "sha256:37d9c34b96cca6787fe014aeb651217944a967a5b165e2cacb6b858d2997ab84",
                "sha256:38c3865bd220bd983fcaa9aa11462619e84a71233bafd9c880f7b1cb753ca7fa",
                "sha256:429c4d1862f3fc37cd56304d880f2eae5bd0da83bdef889f3bd66458aac49128",
                "sha256:522b7c94b524389f4a4094c4bf04c2b02228454ddd17c1a9b2801fac1d754871",
                "sha256:57fb5c5504ddd45ed420b5b6461a78f58cbb0c1b0cbd9cd5a43ad30a4a3ee4d0",
                "sha256:5944a9b95e97de1980c65f03b79b356f30a43de48682b8bdd90aa5089f0ec1f4",
                "sha256:6f4e5e68b7af950ed7fdb594b3f19a0014a3ace0fedb86acb896e140ffb24302",
                "sha256:71a1ef23f22fa8437974b2d60fedb947c99a957ad625f83f43fd3de70f77f458",
                "sha256:8a44e9901c0555f95ac401377032f6e6af66d8fc1fbfad77a7a8b1a826e0b93c",
                "sha256:b6577f15d5516d7d209c1a8cde23062c0f10625f19e8dc9fb59268859778d7d7",
                "sha256:c8fe2d6ff0ff583784039d0255ea7da076efd08507f2be6f68583b0da32e3afb",
                "sha256:cadfa2c2cf54d35d13dc8d231253b7985b97d629ab9ca6e7d672c35539d38163",
                "sha256:cd1bdace1a8762534e9a36c073cd54e97d517a17d69a17985961265be6d22847",
                "sha256:ddbdcd10eb999d7ab292677f588b658372aadb9a52790f82484a37127a390108",
                "sha256:e7273c64bccfd9310e9601b8f4511d84730239516bada26a0c9846c9697617ef",
                "sha256:e7428977763150b4cf83255625a80a23dfdc94d43be7791ce90799d446b4e26f",
                "sha256:e960e8be509e8d6d618300a6c189555c24efde63e85acaf0b14b2cd1ac743315",
                "sha256:ecb5dd5990cec6e7f5c9c1124a37cb2c710c6d69b0c1a5c4aa4b35eba0ada068",
                "sha256:ef3f5e288aa57b73b034ce9c1f1ac753d968f9069cd0742d1d69c698a0167166",
                "sha256:fa5b2dee0e231fa4ad117be114251bdfe6afe39213bd629d43deb117b6a6c40a",
                "sha256:fa7fb7973c622b9e725bee1db569d2c2ee64d2f9a089201c5e8185d482c7352d"
            ],
            "version": "==1.5.2"
        },
        "mccabe": {
            "hashes": [
                "sha256:ab8a6258860da4b6677da4bd2fe5dc2c659cff31b3ee4f7f5d64e79735b80d42",
                "sha256:dd8d182285a0fe56bace7f45b5e7d1a6ebcbf524e8f3bd87eb0f125271b8831f"
            ],
            "version": "==0.6.1"
        },
        "pylint": {
            "hashes": [
                "sha256:5d77031694a5fb97ea95e828c8d10fc770a1df6eb3906067aaed42201a8a6a09",
                "sha256:723e3db49555abaf9bf79dc474c6b9e2935ad82230b10c1138a71ea41ac0fff1"
            ],
            "index": "pypi",
            "version": "==2.3.1"
        },
        "typed-ast": {
            "hashes": [
                "sha256:07d49388d5bf7e863f7fa2f124b1b1d89d8aa0e2f7812faff0a5658c01c59aa1",
                "sha256:14bf1522cdee369e8f5581238edac09150c765ec1cb33615855889cf33dcb92d",
                "sha256:240296b27397e4e37874abb1df2a608a92df85cf3e2a04d0d4d61055c8305ba6",
                "sha256:36d829b31ab67d6fcb30e185ec996e1f72b892255a745d3a82138c97d21ed1cd",
                "sha256:37f48d46d733d57cc70fd5f30572d11ab8ed92da6e6b28e024e4a3edfb456e37",
                "sha256:4c790331247081ea7c632a76d5b2a265e6d325ecd3179d06e9cf8d46d90dd151",
                "sha256:5dcfc2e264bd8a1db8b11a892bd1647154ce03eeba94b461effe68790d8b8e07",
                "sha256:7147e2a76c75f0f64c4319886e7639e490fee87c9d25cb1d4faef1d8cf83a440",
                "sha256:7703620125e4fb79b64aa52427ec192822e9f45d37d4b6625ab37ef403e1df70",
                "sha256:8368f83e93c7156ccd40e49a783a6a6850ca25b556c0fa0240ed0f659d2fe496",
                "sha256:84aa6223d71012c68d577c83f4e7db50d11d6b1399a9c779046d75e24bed74ea",
                "sha256:85f95aa97a35bdb2f2f7d10ec5bbdac0aeb9dafdaf88e17492da0504de2e6400",
                "sha256:8db0e856712f79c45956da0c9a40ca4246abc3485ae0d7ecc86a20f5e4c09abc",
                "sha256:9044ef2df88d7f33692ae3f18d3be63dec69c4fb1b5a4a9ac950f9b4ba571606",
                "sha256:963c80b583b0661918718b095e02303d8078950b26cc00b5e5ea9ababe0de1fc",
                "sha256:987f15737aba2ab5f3928c617ccf1ce412e2e321c77ab16ca5a293e7bbffd581",
                "sha256:9ec45db0c766f196ae629e509f059ff05fc3148f9ffd28f3cfe75d4afb485412",
                "sha256:9fc0b3cb5d1720e7141d103cf4819aea239f7d136acf9ee4a69b047b7986175a",
                "sha256:a2c927c49f2029291fbabd673d51a2180038f8cd5a5b2f290f78c4516be48be2",
                "sha256:a38878a223bdd37c9709d07cd357bb79f4c760b29210e14ad0fb395294583787",
                "sha256:b4fcdcfa302538f70929eb7b392f536a237cbe2ed9cba88e3bf5027b39f5f77f",
                "sha256:c0c74e5579af4b977c8b932f40a5464764b2f86681327410aa028a22d2f54937",
                "sha256:c1c876fd795b36126f773db9cbb393f19808edd2637e00fd6caba0e25f2c7b64",
                "sha256:c9aadc4924d4b5799112837b226160428524a9a45f830e0d0f184b19e4090487",
                "sha256:cc7b98bf58167b7f2db91a4327da24fb93368838eb84a44c472283778fc2446b",
                "sha256:cf54cfa843f297991b7388c281cb3855d911137223c6b6d2dd82a47ae5125a41",
                "sha256:d003156bb6a59cda9050e983441b7fa2487f7800d76bdc065566b7d728b4581a",
                "sha256:d175297e9533d8d37437abc14e8a83cbc68af93cc9c1c59c2c292ec59a0697a3",
                "sha256:d746a437cdbca200622385305aedd9aef68e8a645e385cc483bdc5e488f07166",
                "sha256:e683e409e5c45d5c9082dc1daf13f6374300806240719f95dc783d1fc942af10"
            ],
            "markers": "implementation_name == 'cpython' and python_version < '3.8'",
            "version": "==1.4.2"
        },
        "wrapt": {
            "hashes": [
                "sha256:b62ffa81fb85f4332a4f609cab4ac40709470da05643a082ec1eb88e6d9b97d7"
            ],
            "version": "==1.12.1"
        }
    }
}
